
Microsoft Visual Studio Solution File, Format Version 12.00
# Visual Studio Version 17
VisualStudioVersion = 17.9.34723.18
MinimumVisualStudioVersion = 10.0.40219.1
Project("{FAE04EC0-301F-11D3-BF4B-00C04F79EFBC}") = "Shop.ERP", "Shop.ERP\Shop.ERP.csproj", "{D9F3B3DE-E86F-438A-A9E6-5CB880762A30}"
EndProject
Global
	GlobalSection(SolutionConfigurationPlatforms) = preSolution
		Debug|Any CPU = Debug|Any CPU
		Release|Any CPU = Release|Any CPU
	EndGlobalSection
	GlobalSection(ProjectConfigurationPlatforms) = postSolution
		{D9F3B3DE-E86F-438A-A9E6-5CB880762A30}.Debug|Any CPU.ActiveCfg = Debug|Any CPU
		{D9F3B3DE-E86F-438A-A9E6-5CB880762A30}.Debug|Any CPU.Build.0 = Debug|Any CPU
		{D9F3B3DE-E86F-438A-A9E6-5CB880762A30}.Release|Any CPU.ActiveCfg = Release|Any CPU
		{D9F3B3DE-E86F-438A-A9E6-5CB880762A30}.Release|Any CPU.Build.0 = Release|Any CPU
	EndGlobalSection
	GlobalSection(SolutionProperties) = preSolution
		HideSolutionNode = FALSE
	EndGlobalSection
	GlobalSection(ExtensibilityGlobals) = postSolution
		SolutionGuid = {77C9D21B-59AC-446F-BD7E-B46FC3A916F6}
	EndGlobalSection
EndGlobal
